
Microsoft Visual Studio Solution File, Format Version 11.00
# Visual Studio 2010
Project("{FAE04EC0-301F-11D3-BF4B-00C04F79EFBC}") = "Assembly-CSharp", "Assembly-CSharp.csproj", "{CE9F5240-9E51-A784-7847-4A48F0BF8EE1}"
EndProject
Project("{FAE04EC0-301F-11D3-BF4B-00C04F79EFBC}") = "NavMeshComponents", "NavMeshComponents.csproj", "{B0DF9D66-B518-BD1A-C324-0C255FD6B99A}"
EndProject
Project("{FAE04EC0-301F-11D3-BF4B-00C04F79EFBC}") = "NavMeshComponentsEditor", "NavMeshComponentsEditor.csproj", "{BCFD121C-7829-314B-627D-6CADEF1B779E}"
EndProject
Global
	GlobalSection(SolutionConfigurationPlatforms) = preSolution
		Debug|Any CPU = Debug|Any CPU
		Release|Any CPU = Release|Any CPU
	EndGlobalSection
	GlobalSection(ProjectConfigurationPlatforms) = postSolution
		{CE9F5240-9E51-A784-7847-4A48F0BF8EE1}.Debug|Any CPU.ActiveCfg = Debug|Any CPU
		{CE9F5240-9E51-A784-7847-4A48F0BF8EE1}.Debug|Any CPU.Build.0 = Debug|Any CPU
		{CE9F5240-9E51-A784-7847-4A48F0BF8EE1}.Release|Any CPU.ActiveCfg = Release|Any CPU
		{CE9F5240-9E51-A784-7847-4A48F0BF8EE1}.Release|Any CPU.Build.0 = Release|Any CPU
		{B0DF9D66-B518-BD1A-C324-0C255FD6B99A}.Debug|Any CPU.ActiveCfg = Debug|Any CPU
		{B0DF9D66-B518-BD1A-C324-0C255FD6B99A}.Debug|Any CPU.Build.0 = Debug|Any CPU
		{B0DF9D66-B518-BD1A-C324-0C255FD6B99A}.Release|Any CPU.ActiveCfg = Release|Any CPU
		{B0DF9D66-B518-BD1A-C324-0C255FD6B99A}.Release|Any CPU.Build.0 = Release|Any CPU
		{BCFD121C-7829-314B-627D-6CADEF1B779E}.Debug|Any CPU.ActiveCfg = Debug|Any CPU
		{BCFD121C-7829-314B-627D-6CADEF1B779E}.Debug|Any CPU.Build.0 = Debug|Any CPU
		{BCFD121C-7829-314B-627D-6CADEF1B779E}.Release|Any CPU.ActiveCfg = Release|Any CPU
		{BCFD121C-7829-314B-627D-6CADEF1B779E}.Release|Any CPU.Build.0 = Release|Any CPU
	EndGlobalSection
	GlobalSection(SolutionProperties) = preSolution
		HideSolutionNode = FALSE
	EndGlobalSection
	GlobalSection(MonoDevelopProperties) = preSolution
		StartupItem = Assembly-CSharp.csproj
	EndGlobalSection
EndGlobal
